
Microsoft Visual Studio Solution File, Format Version 12.00
# Visual Studio 15
VisualStudioVersion = 15.0.26124.0
MinimumVisualStudioVersion = 15.0.26124.0
Project("{2150E333-8FDC-42A3-9474-1A3956D46DE8}") = "src", "src", "{90292551-7F94-4DA5-A2D4-75DCEC22DEB3}"
EndProject
Project("{FAE04EC0-301F-11D3-BF4B-00C04F79EFBC}") = "Web", "src\Web\Web.csproj", "{F9F3EAB1-6719-46D8-BC4E-D247E3D64353}"
EndProject
Project("{2150E333-8FDC-42A3-9474-1A3956D46DE8}") = "tests", "tests", "{8F22A325-E03B-43E0-9D5E-8A0E2A44EBAA}"
EndProject
Project("{FAE04EC0-301F-11D3-BF4B-00C04F79EFBC}") = "FunctionalTests", "tests\FunctionalTests\FunctionalTests.csproj", "{70D421DD-DAA0-4799-B6BB-29C927B7AB2B}"
EndProject
Project("{FAE04EC0-301F-11D3-BF4B-00C04F79EFBC}") = "IntegrationTests", "tests\IntegrationTests\IntegrationTests.csproj", "{9C40687D-223A-476A-9047-B07ECDE83006}"
EndProject
Project("{FAE04EC0-301F-11D3-BF4B-00C04F79EFBC}") = "UnitTests", "tests\UnitTests\UnitTests.csproj", "{57023438-C51E-4EA2-86F5-9F1397168502}"
EndProject
Global
	GlobalSection(SolutionConfigurationPlatforms) = preSolution
		Debug|Any CPU = Debug|Any CPU
		Debug|x64 = Debug|x64
		Debug|x86 = Debug|x86
		Release|Any CPU = Release|Any CPU
		Release|x64 = Release|x64
		Release|x86 = Release|x86
	EndGlobalSection
	GlobalSection(SolutionProperties) = preSolution
		HideSolutionNode = FALSE
	EndGlobalSection
	GlobalSection(ProjectConfigurationPlatforms) = postSolution
		{F9F3EAB1-6719-46D8-BC4E-D247E3D64353}.Debug|Any CPU.ActiveCfg = Debug|Any CPU
		{F9F3EAB1-6719-46D8-BC4E-D247E3D64353}.Debug|Any CPU.Build.0 = Debug|Any CPU
		{F9F3EAB1-6719-46D8-BC4E-D247E3D64353}.Debug|x64.ActiveCfg = Debug|Any CPU
		{F9F3EAB1-6719-46D8-BC4E-D247E3D64353}.Debug|x64.Build.0 = Debug|Any CPU
		{F9F3EAB1-6719-46D8-BC4E-D247E3D64353}.Debug|x86.ActiveCfg = Debug|Any CPU
		{F9F3EAB1-6719-46D8-BC4E-D247E3D64353}.Debug|x86.Build.0 = Debug|Any CPU
		{F9F3EAB1-6719-46D8-BC4E-D247E3D64353}.Release|Any CPU.ActiveCfg = Release|Any CPU
		{F9F3EAB1-6719-46D8-BC4E-D247E3D64353}.Release|Any CPU.Build.0 = Release|Any CPU
		{F9F3EAB1-6719-46D8-BC4E-D247E3D64353}.Release|x64.ActiveCfg = Release|Any CPU
		{F9F3EAB1-6719-46D8-BC4E-D247E3D64353}.Release|x64.Build.0 = Release|Any CPU
		{F9F3EAB1-6719-46D8-BC4E-D247E3D64353}.Release|x86.ActiveCfg = Release|Any CPU
		{F9F3EAB1-6719-46D8-BC4E-D247E3D64353}.Release|x86.Build.0 = Release|Any CPU
		{70D421DD-DAA0-4799-B6BB-29C927B7AB2B}.Debug|Any CPU.ActiveCfg = Debug|Any CPU
		{70D421DD-DAA0-4799-B6BB-29C927B7AB2B}.Debug|Any CPU.Build.0 = Debug|Any CPU
		{70D421DD-DAA0-4799-B6BB-29C927B7AB2B}.Debug|x64.ActiveCfg = Debug|Any CPU
		{70D421DD-DAA0-4799-B6BB-29C927B7AB2B}.Debug|x64.Build.0 = Debug|Any CPU
		{70D421DD-DAA0-4799-B6BB-29C927B7AB2B}.Debug|x86.ActiveCfg = Debug|Any CPU
		{70D421DD-DAA0-4799-B6BB-29C927B7AB2B}.Debug|x86.Build.0 = Debug|Any CPU
		{70D421DD-DAA0-4799-B6BB-29C927B7AB2B}.Release|Any CPU.ActiveCfg = Release|Any CPU
		{70D421DD-DAA0-4799-B6BB-29C927B7AB2B}.Release|Any CPU.Build.0 = Release|Any CPU
		{70D421DD-DAA0-4799-B6BB-29C927B7AB2B}.Release|x64.ActiveCfg = Release|Any CPU
		{70D421DD-DAA0-4799-B6BB-29C927B7AB2B}.Release|x64.Build.0 = Release|Any CPU
		{70D421DD-DAA0-4799-B6BB-29C927B7AB2B}.Release|x86.ActiveCfg = Release|Any CPU
		{70D421DD-DAA0-4799-B6BB-29C927B7AB2B}.Release|x86.Build.0 = Release|Any CPU
		{9C40687D-223A-476A-9047-B07ECDE83006}.Debug|Any CPU.ActiveCfg = Debug|Any CPU
		{9C40687D-223A-476A-9047-B07ECDE83006}.Debug|Any CPU.Build.0 = Debug|Any CPU
		{9C40687D-223A-476A-9047-B07ECDE83006}.Debug|x64.ActiveCfg = Debug|Any CPU
		{9C40687D-223A-476A-9047-B07ECDE83006}.Debug|x64.Build.0 = Debug|Any CPU
		{9C40687D-223A-476A-9047-B07ECDE83006}.Debug|x86.ActiveCfg = Debug|Any CPU
		{9C40687D-223A-476A-9047-B07ECDE83006}.Debug|x86.Build.0 = Debug|Any CPU
		{9C40687D-223A-476A-9047-B07ECDE83006}.Release|Any CPU.ActiveCfg = Release|Any CPU
		{9C40687D-223A-476A-9047-B07ECDE83006}.Release|Any CPU.Build.0 = Release|Any CPU
		{9C40687D-223A-476A-9047-B07ECDE83006}.Release|x64.ActiveCfg = Release|Any CPU
		{9C40687D-223A-476A-9047-B07ECDE83006}.Release|x64.Build.0 = Release|Any CPU
		{9C40687D-223A-476A-9047-B07ECDE83006}.Release|x86.ActiveCfg = Release|Any CPU
		{9C40687D-223A-476A-9047-B07ECDE83006}.Release|x86.Build.0 = Release|Any CPU
		{57023438-C51E-4EA2-86F5-9F1397168502}.Debug|Any CPU.ActiveCfg = Debug|Any CPU
		{57023438-C51E-4EA2-86F5-9F1397168502}.Debug|Any CPU.Build.0 = Debug|Any CPU
		{57023438-C51E-4EA2-86F5-9F1397168502}.Debug|x64.ActiveCfg = Debug|Any CPU
		{57023438-C51E-4EA2-86F5-9F1397168502}.Debug|x64.Build.0 = Debug|Any CPU
		{57023438-C51E-4EA2-86F5-9F1397168502}.Debug|x86.ActiveCfg = Debug|Any CPU
		{57023438-C51E-4EA2-86F5-9F1397168502}.Debug|x86.Build.0 = Debug|Any CPU
		{57023438-C51E-4EA2-86F5-9F1397168502}.Release|Any CPU.ActiveCfg = Release|Any CPU
		{57023438-C51E-4EA2-86F5-9F1397168502}.Release|Any CPU.Build.0 = Release|Any CPU
		{57023438-C51E-4EA2-86F5-9F1397168502}.Release|x64.ActiveCfg = Release|Any CPU
		{57023438-C51E-4EA2-86F5-9F1397168502}.Release|x64.Build.0 = Release|Any CPU
		{57023438-C51E-4EA2-86F5-9F1397168502}.Release|x86.ActiveCfg = Release|Any CPU
		{57023438-C51E-4EA2-86F5-9F1397168502}.Release|x86.Build.0 = Release|Any CPU
	EndGlobalSection
	GlobalSection(NestedProjects) = preSolution
		{F9F3EAB1-6719-46D8-BC4E-D247E3D64353} = {90292551-7F94-4DA5-A2D4-75DCEC22DEB3}
		{70D421DD-DAA0-4799-B6BB-29C927B7AB2B} = {8F22A325-E03B-43E0-9D5E-8A0E2A44EBAA}
		{9C40687D-223A-476A-9047-B07ECDE83006} = {8F22A325-E03B-43E0-9D5E-8A0E2A44EBAA}
		{57023438-C51E-4EA2-86F5-9F1397168502} = {8F22A325-E03B-43E0-9D5E-8A0E2A44EBAA}
	EndGlobalSection
EndGlobal
